
Microsoft Visual Studio Solution File, Format Version 12.00
# Visual Studio Version 17
VisualStudioVersion = 17.0.31903.59
MinimumVisualStudioVersion = 10.0.40219.1
Project("{FAE04EC0-301F-11D3-BF4B-00C04F79EFBC}") = "RightSize", "RightSize\RightSize.csproj", "{77386066-D0BF-444F-AC2E-6CD610AE8417}"
EndProject
Project("{FAE04EC0-301F-11D3-BF4B-00C04F79EFBC}") = "ChangeString", "ChangeString\ChangeString.csproj", "{A5CF8649-B4D1-4F79-A4D9-6DA3D98BC891}"
EndProject
Global
	GlobalSection(SolutionConfigurationPlatforms) = preSolution
		Debug|Any CPU = Debug|Any CPU
		Release|Any CPU = Release|Any CPU
	EndGlobalSection
	GlobalSection(SolutionProperties) = preSolution
		HideSolutionNode = FALSE
	EndGlobalSection
	GlobalSection(ProjectConfigurationPlatforms) = postSolution
		{77386066-D0BF-444F-AC2E-6CD610AE8417}.Debug|Any CPU.ActiveCfg = Debug|Any CPU
		{77386066-D0BF-444F-AC2E-6CD610AE8417}.Debug|Any CPU.Build.0 = Debug|Any CPU
		{77386066-D0BF-444F-AC2E-6CD610AE8417}.Release|Any CPU.ActiveCfg = Release|Any CPU
		{77386066-D0BF-444F-AC2E-6CD610AE8417}.Release|Any CPU.Build.0 = Release|Any CPU
		{A5CF8649-B4D1-4F79-A4D9-6DA3D98BC891}.Debug|Any CPU.ActiveCfg = Debug|Any CPU
		{A5CF8649-B4D1-4F79-A4D9-6DA3D98BC891}.Debug|Any CPU.Build.0 = Debug|Any CPU
		{A5CF8649-B4D1-4F79-A4D9-6DA3D98BC891}.Release|Any CPU.ActiveCfg = Release|Any CPU
		{A5CF8649-B4D1-4F79-A4D9-6DA3D98BC891}.Release|Any CPU.Build.0 = Release|Any CPU
	EndGlobalSection
EndGlobal
