
Microsoft Visual Studio Solution File, Format Version 12.00
# Visual Studio Version 17
VisualStudioVersion = 17.0.31903.59
MinimumVisualStudioVersion = 10.0.40219.1
Project("{FAE04EC0-301F-11D3-BF4B-00C04F79EFBC}") = "RightSize", "RightSize\RightSize.csproj", "{77386066-D0BF-444F-AC2E-6CD610AE8417}"
EndProject
Project("{FAE04EC0-301F-11D3-BF4B-00C04F79EFBC}") = "ChangeString", "ChangeString\ChangeString.csproj", "{A5CF8649-B4D1-4F79-A4D9-6DA3D98BC891}"
EndProject
Project("{FAE04EC0-301F-11D3-BF4B-00C04F79EFBC}") = "Pow2Until", "Pow2Until\Pow2Until.csproj", "{98693B60-4CD3-4A4E-B996-7B63B1698FF7}"
EndProject
Project("{FAE04EC0-301F-11D3-BF4B-00C04F79EFBC}") = "ArrayMul", "ArrayMul\ArrayMul.csproj", "{0565F7FB-FE49-4581-9E82-ADD10EDA9851}"
EndProject
Project("{FAE04EC0-301F-11D3-BF4B-00C04F79EFBC}") = "HeroPerk", "HeroPerk\HeroPerk.csproj", "{FA74E9F9-4AD1-4E8A-83FE-B3F4C75BCC78}"
EndProject
Project("{FAE04EC0-301F-11D3-BF4B-00C04F79EFBC}") = "FamousQuotes", "FamousQuotes\FamousQuotes.csproj", "{029D8B84-DAFB-4EB1-A788-BB5B1CD652EB}"
EndProject
Project("{FAE04EC0-301F-11D3-BF4B-00C04F79EFBC}") = "RoPaSci", "RoPaSci\RoPaSci.csproj", "{8765270E-1DBC-4022-AFE1-4E513D567BDD}"
EndProject
Project("{FAE04EC0-301F-11D3-BF4B-00C04F79EFBC}") = "TrapAnalyzer", "TrapAnalyzer\TrapAnalyzer.csproj", "{BDAC0D49-8332-4167-8DE3-0C6075CDBD7D}"
EndProject
Global
	GlobalSection(SolutionConfigurationPlatforms) = preSolution
		Debug|Any CPU = Debug|Any CPU
		Release|Any CPU = Release|Any CPU
	EndGlobalSection
	GlobalSection(SolutionProperties) = preSolution
		HideSolutionNode = FALSE
	EndGlobalSection
	GlobalSection(ProjectConfigurationPlatforms) = postSolution
		{77386066-D0BF-444F-AC2E-6CD610AE8417}.Debug|Any CPU.ActiveCfg = Debug|Any CPU
		{77386066-D0BF-444F-AC2E-6CD610AE8417}.Debug|Any CPU.Build.0 = Debug|Any CPU
		{77386066-D0BF-444F-AC2E-6CD610AE8417}.Release|Any CPU.ActiveCfg = Release|Any CPU
		{77386066-D0BF-444F-AC2E-6CD610AE8417}.Release|Any CPU.Build.0 = Release|Any CPU
		{A5CF8649-B4D1-4F79-A4D9-6DA3D98BC891}.Debug|Any CPU.ActiveCfg = Debug|Any CPU
		{A5CF8649-B4D1-4F79-A4D9-6DA3D98BC891}.Debug|Any CPU.Build.0 = Debug|Any CPU
		{A5CF8649-B4D1-4F79-A4D9-6DA3D98BC891}.Release|Any CPU.ActiveCfg = Release|Any CPU
		{A5CF8649-B4D1-4F79-A4D9-6DA3D98BC891}.Release|Any CPU.Build.0 = Release|Any CPU
		{98693B60-4CD3-4A4E-B996-7B63B1698FF7}.Debug|Any CPU.ActiveCfg = Debug|Any CPU
		{98693B60-4CD3-4A4E-B996-7B63B1698FF7}.Debug|Any CPU.Build.0 = Debug|Any CPU
		{98693B60-4CD3-4A4E-B996-7B63B1698FF7}.Release|Any CPU.ActiveCfg = Release|Any CPU
		{98693B60-4CD3-4A4E-B996-7B63B1698FF7}.Release|Any CPU.Build.0 = Release|Any CPU
		{0565F7FB-FE49-4581-9E82-ADD10EDA9851}.Debug|Any CPU.ActiveCfg = Debug|Any CPU
		{0565F7FB-FE49-4581-9E82-ADD10EDA9851}.Debug|Any CPU.Build.0 = Debug|Any CPU
		{0565F7FB-FE49-4581-9E82-ADD10EDA9851}.Release|Any CPU.ActiveCfg = Release|Any CPU
		{0565F7FB-FE49-4581-9E82-ADD10EDA9851}.Release|Any CPU.Build.0 = Release|Any CPU
		{FA74E9F9-4AD1-4E8A-83FE-B3F4C75BCC78}.Debug|Any CPU.ActiveCfg = Debug|Any CPU
		{FA74E9F9-4AD1-4E8A-83FE-B3F4C75BCC78}.Debug|Any CPU.Build.0 = Debug|Any CPU
		{FA74E9F9-4AD1-4E8A-83FE-B3F4C75BCC78}.Release|Any CPU.ActiveCfg = Release|Any CPU
		{FA74E9F9-4AD1-4E8A-83FE-B3F4C75BCC78}.Release|Any CPU.Build.0 = Release|Any CPU
		{029D8B84-DAFB-4EB1-A788-BB5B1CD652EB}.Debug|Any CPU.ActiveCfg = Debug|Any CPU
		{029D8B84-DAFB-4EB1-A788-BB5B1CD652EB}.Debug|Any CPU.Build.0 = Debug|Any CPU
		{029D8B84-DAFB-4EB1-A788-BB5B1CD652EB}.Release|Any CPU.ActiveCfg = Release|Any CPU
		{029D8B84-DAFB-4EB1-A788-BB5B1CD652EB}.Release|Any CPU.Build.0 = Release|Any CPU
		{8765270E-1DBC-4022-AFE1-4E513D567BDD}.Debug|Any CPU.ActiveCfg = Debug|Any CPU
		{8765270E-1DBC-4022-AFE1-4E513D567BDD}.Debug|Any CPU.Build.0 = Debug|Any CPU
		{8765270E-1DBC-4022-AFE1-4E513D567BDD}.Release|Any CPU.ActiveCfg = Release|Any CPU
		{8765270E-1DBC-4022-AFE1-4E513D567BDD}.Release|Any CPU.Build.0 = Release|Any CPU
		{BDAC0D49-8332-4167-8DE3-0C6075CDBD7D}.Debug|Any CPU.ActiveCfg = Debug|Any CPU
		{BDAC0D49-8332-4167-8DE3-0C6075CDBD7D}.Debug|Any CPU.Build.0 = Debug|Any CPU
		{BDAC0D49-8332-4167-8DE3-0C6075CDBD7D}.Release|Any CPU.ActiveCfg = Release|Any CPU
		{BDAC0D49-8332-4167-8DE3-0C6075CDBD7D}.Release|Any CPU.Build.0 = Release|Any CPU
	EndGlobalSection
EndGlobal
